<?xml version="1.0" encoding="utf-8"?>
<Project ToolsVersion="4.0" xmlns="http://schemas.microsoft.com/developer/msbuild/2003">
  <ItemGroup>
    <Filter Include="Source Files">
      <UniqueIdentifier>{642113ec-e662-4edd-ab21-b6c8ff34dbf9}</UniqueIdentifier>
      <Extensions>cpp;c;cxx;rc;def;r;odl;idl;hpj;bat</Extensions>
    </Filter>
    <Filter Include="Resource Files">
      <UniqueIdentifier>{c44b6c89-63e8-4a91-97e2-03bf31f03972}</UniqueIdentifier>
      <Extensions>ico;cur;bmp;dlg;rc2;rct;bin;rgs;gif;jpg;jpeg;jpe</Extensions>
    </Filter>
  </ItemGroup>
  <ItemGroup>
    <ClCompile Include="Brush2.cpp">
      <Filter>Source Files</Filter>
    </ClCompile>
    <ClCompile Include="Bsp.cpp">
      <Filter>Source Files</Filter>
    </ClCompile>
    <ClCompile Include="Bsp2.cpp">
      <Filter>Source Files</Filter>
    </ClCompile>
    <ClCompile Include="Fill.Cpp">
      <Filter>Source Files</Filter>
    </ClCompile>
    <ClCompile Include="Gbspfile.cpp">
      <Filter>Source Files</Filter>
    </ClCompile>
    <ClCompile Include="Gbsplib.cpp">
      <Filter>Source Files</Filter>
    </ClCompile>
    <ClCompile Include="Gbspprep.cpp">
      <Filter>Source Files</Filter>
    </ClCompile>
    <ClCompile Include="Leaf.cpp">
      <Filter>Source Files</Filter>
    </ClCompile>
    <ClCompile Include="Light.cpp">
      <Filter>Source Files</Filter>
    </ClCompile>
    <ClCompile Include="Map.cpp">
      <Filter>Source Files</Filter>
    </ClCompile>
    <ClCompile Include="Mathlib.cpp">
      <Filter>Source Files</Filter>
    </ClCompile>
    <ClCompile Include="Poly.cpp">
      <Filter>Source Files</Filter>
    </ClCompile>
    <ClCompile Include="Portals.cpp">
      <Filter>Source Files</Filter>
    </ClCompile>
    <ClCompile Include="PortFile.cpp">
      <Filter>Source Files</Filter>
    </ClCompile>
    <ClCompile Include="Rad.cpp">
      <Filter>Source Files</Filter>
    </ClCompile>
    <ClCompile Include="Texture.cpp">
      <Filter>Source Files</Filter>
    </ClCompile>
    <ClCompile Include="TJunct.cpp">
      <Filter>Source Files</Filter>
    </ClCompile>
    <ClCompile Include="Utils.cpp">
      <Filter>Source Files</Filter>
    </ClCompile>
    <ClCompile Include="Vis.cpp">
      <Filter>Source Files</Filter>
    </ClCompile>
    <ClCompile Include="Visflood.cpp">
      <Filter>Source Files</Filter>
    </ClCompile>
  </ItemGroup>
  <ItemGroup>
    <ClInclude Include="Brush2.h">
      <Filter>Source Files</Filter>
    </ClInclude>
    <ClInclude Include="Bsp.h">
      <Filter>Source Files</Filter>
    </ClInclude>
    <ClInclude Include="Fill.h">
      <Filter>Source Files</Filter>
    </ClInclude>
    <ClInclude Include="Gbspfile.h">
      <Filter>Source Files</Filter>
    </ClInclude>
    <ClInclude Include="Gbsplib.h">
      <Filter>Source Files</Filter>
    </ClInclude>
    <ClInclude Include="Gbspprep.h">
      <Filter>Source Files</Filter>
    </ClInclude>
    <ClInclude Include="Leaf.h">
      <Filter>Source Files</Filter>
    </ClInclude>
    <ClInclude Include="Light.h">
      <Filter>Source Files</Filter>
    </ClInclude>
    <ClInclude Include="Map.h">
      <Filter>Source Files</Filter>
    </ClInclude>
    <ClInclude Include="Mathlib.h">
      <Filter>Source Files</Filter>
    </ClInclude>
    <ClInclude Include="Poly.h">
      <Filter>Source Files</Filter>
    </ClInclude>
    <ClInclude Include="Portals.h">
      <Filter>Source Files</Filter>
    </ClInclude>
    <ClInclude Include="Texture.h">
      <Filter>Source Files</Filter>
    </ClInclude>
    <ClInclude Include="Utils.h">
      <Filter>Source Files</Filter>
    </ClInclude>
    <ClInclude Include="Vis.h">
      <Filter>Source Files</Filter>
    </ClInclude>
  </ItemGroup>
</Project>